// !$*UTF8*$!
{
	archiveVersion = 1;
	classes = {
	};
	objectVersion = 56;
	objects = {

/* Begin PBXBuildFile section */
		CB06902E29F53D5100E7B098 /* ComposableArchitecture in Frameworks */ = {isa = PBXBuildFile; productRef = CB06902D29F53D5100E7B098 /* ComposableArchitecture */; };
		CB06904C29F556D500E7B098 /* Alamofire in Frameworks */ = {isa = PBXBuildFile; productRef = CB06904B29F556D500E7B098 /* Alamofire */; };
		CB7F76922A2C5942004B8AB4 /* Common in Frameworks */ = {isa = PBXBuildFile; productRef = CB7F76912A2C5942004B8AB4 /* Common */; };
		CB7F76942A2C5942004B8AB4 /* Networking in Frameworks */ = {isa = PBXBuildFile; productRef = CB7F76932A2C5942004B8AB4 /* Networking */; };
		CBD4F4F72A2DD326002D7A8D /* Development.xcconfig in Resources */ = {isa = PBXBuildFile; fileRef = CBD4F4D82A2DD326002D7A8D /* Development.xcconfig */; };
		CBD4F4F82A2DD326002D7A8D /* QA.xcconfig in Resources */ = {isa = PBXBuildFile; fileRef = CBD4F4DA2A2DD326002D7A8D /* QA.xcconfig */; };
		CBD4F4F92A2DD326002D7A8D /* Production.xcconfig in Resources */ = {isa = PBXBuildFile; fileRef = CBD4F4DC2A2DD326002D7A8D /* Production.xcconfig */; };
		CBD4F4FA2A2DD326002D7A8D /* ConfigurationProvider.swift in Sources */ = {isa = PBXBuildFile; fileRef = CBD4F4DF2A2DD326002D7A8D /* ConfigurationProvider.swift */; };
		CBD4F4FB2A2DD326002D7A8D /* Configuration.swift in Sources */ = {isa = PBXBuildFile; fileRef = CBD4F4E02A2DD326002D7A8D /* Configuration.swift */; };
		CBD4F4FC2A2DD326002D7A8D /* MobileBFFAPIService.swift in Sources */ = {isa = PBXBuildFile; fileRef = CBD4F4E12A2DD326002D7A8D /* MobileBFFAPIService.swift */; };
		CBD4F4FD2A2DD326002D7A8D /* Assets.xcassets in Resources */ = {isa = PBXBuildFile; fileRef = CBD4F4E22A2DD326002D7A8D /* Assets.xcassets */; };
		CBD4F4FE2A2DD326002D7A8D /* Preview Assets.xcassets in Resources */ = {isa = PBXBuildFile; fileRef = CBD4F4E42A2DD326002D7A8D /* Preview Assets.xcassets */; };
		CBD4F4FF2A2DD326002D7A8D /* HomeView.swift in Sources */ = {isa = PBXBuildFile; fileRef = CBD4F4E72A2DD326002D7A8D /* HomeView.swift */; };
		CBD4F5002A2DD326002D7A8D /* Home+Reducer.swift in Sources */ = {isa = PBXBuildFile; fileRef = CBD4F4E82A2DD326002D7A8D /* Home+Reducer.swift */; };
		CBD4F5012A2DD326002D7A8D /* BannerView.swift in Sources */ = {isa = PBXBuildFile; fileRef = CBD4F4EA2A2DD326002D7A8D /* BannerView.swift */; };
		CBD4F5022A2DD326002D7A8D /* TabBar+Reducer.swift in Sources */ = {isa = PBXBuildFile; fileRef = CBD4F4EC2A2DD326002D7A8D /* TabBar+Reducer.swift */; };
		CBD4F5032A2DD326002D7A8D /* TabBarView.swift in Sources */ = {isa = PBXBuildFile; fileRef = CBD4F4ED2A2DD326002D7A8D /* TabBarView.swift */; };
		CBD4F5042A2DD326002D7A8D /* Album+Reducer.swift in Sources */ = {isa = PBXBuildFile; fileRef = CBD4F4EF2A2DD326002D7A8D /* Album+Reducer.swift */; };
		CBD4F5052A2DD326002D7A8D /* AlbumView.swift in Sources */ = {isa = PBXBuildFile; fileRef = CBD4F4F02A2DD326002D7A8D /* AlbumView.swift */; };
		CBD4F5062A2DD326002D7A8D /* ContentView.swift in Sources */ = {isa = PBXBuildFile; fileRef = CBD4F4F12A2DD326002D7A8D /* ContentView.swift */; };
		CBD4F5072A2DD326002D7A8D /* Player+Reducer.swift in Sources */ = {isa = PBXBuildFile; fileRef = CBD4F4F32A2DD326002D7A8D /* Player+Reducer.swift */; };
		CBD4F5082A2DD326002D7A8D /* PlayerView.swift in Sources */ = {isa = PBXBuildFile; fileRef = CBD4F4F42A2DD326002D7A8D /* PlayerView.swift */; };
		CBD4F50A2A2DD326002D7A8D /* MySampleUIApp.swift in Sources */ = {isa = PBXBuildFile; fileRef = CBD4F4F62A2DD326002D7A8D /* MySampleUIApp.swift */; };
/* End PBXBuildFile section */

/* Begin PBXFileReference section */
		CB068FFF29F53C3500E7B098 /* [DEV] POC.app */ = {isa = PBXFileReference; explicitFileType = wrapper.application; includeInIndex = 0; path = "[DEV] POC.app"; sourceTree = BUILT_PRODUCTS_DIR; };
		CBA1E21D29F5A314002F2D07 /* Common */ = {isa = PBXFileReference; lastKnownFileType = wrapper; name = Common; path = Modules/Common; sourceTree = "<group>"; };
		CBBB74CE29F653930061B731 /* Networking */ = {isa = PBXFileReference; lastKnownFileType = wrapper; name = Networking; path = Modules/Networking; sourceTree = "<group>"; };
		CBD4F4D82A2DD326002D7A8D /* Development.xcconfig */ = {isa = PBXFileReference; fileEncoding = 4; lastKnownFileType = text.xcconfig; path = Development.xcconfig; sourceTree = "<group>"; };
		CBD4F4DA2A2DD326002D7A8D /* QA.xcconfig */ = {isa = PBXFileReference; fileEncoding = 4; lastKnownFileType = text.xcconfig; path = QA.xcconfig; sourceTree = "<group>"; };
		CBD4F4DC2A2DD326002D7A8D /* Production.xcconfig */ = {isa = PBXFileReference; fileEncoding = 4; lastKnownFileType = text.xcconfig; path = Production.xcconfig; sourceTree = "<group>"; };
		CBD4F4DF2A2DD326002D7A8D /* ConfigurationProvider.swift */ = {isa = PBXFileReference; fileEncoding = 4; lastKnownFileType = sourcecode.swift; path = ConfigurationProvider.swift; sourceTree = "<group>"; };
		CBD4F4E02A2DD326002D7A8D /* Configuration.swift */ = {isa = PBXFileReference; fileEncoding = 4; lastKnownFileType = sourcecode.swift; path = Configuration.swift; sourceTree = "<group>"; };
		CBD4F4E12A2DD326002D7A8D /* MobileBFFAPIService.swift */ = {isa = PBXFileReference; fileEncoding = 4; lastKnownFileType = sourcecode.swift; path = MobileBFFAPIService.swift; sourceTree = "<group>"; };
		CBD4F4E22A2DD326002D7A8D /* Assets.xcassets */ = {isa = PBXFileReference; lastKnownFileType = folder.assetcatalog; path = Assets.xcassets; sourceTree = "<group>"; };
		CBD4F4E42A2DD326002D7A8D /* Preview Assets.xcassets */ = {isa = PBXFileReference; lastKnownFileType = folder.assetcatalog; path = "Preview Assets.xcassets"; sourceTree = "<group>"; };
		CBD4F4E72A2DD326002D7A8D /* HomeView.swift */ = {isa = PBXFileReference; fileEncoding = 4; lastKnownFileType = sourcecode.swift; path = HomeView.swift; sourceTree = "<group>"; };
		CBD4F4E82A2DD326002D7A8D /* Home+Reducer.swift */ = {isa = PBXFileReference; fileEncoding = 4; lastKnownFileType = sourcecode.swift; path = "Home+Reducer.swift"; sourceTree = "<group>"; };
		CBD4F4EA2A2DD326002D7A8D /* BannerView.swift */ = {isa = PBXFileReference; fileEncoding = 4; lastKnownFileType = sourcecode.swift; path = BannerView.swift; sourceTree = "<group>"; };
		CBD4F4EC2A2DD326002D7A8D /* TabBar+Reducer.swift */ = {isa = PBXFileReference; fileEncoding = 4; lastKnownFileType = sourcecode.swift; path = "TabBar+Reducer.swift"; sourceTree = "<group>"; };
		CBD4F4ED2A2DD326002D7A8D /* TabBarView.swift */ = {isa = PBXFileReference; fileEncoding = 4; lastKnownFileType = sourcecode.swift; path = TabBarView.swift; sourceTree = "<group>"; };
		CBD4F4EF2A2DD326002D7A8D /* Album+Reducer.swift */ = {isa = PBXFileReference; fileEncoding = 4; lastKnownFileType = sourcecode.swift; path = "Album+Reducer.swift"; sourceTree = "<group>"; };
		CBD4F4F02A2DD326002D7A8D /* AlbumView.swift */ = {isa = PBXFileReference; fileEncoding = 4; lastKnownFileType = sourcecode.swift; path = AlbumView.swift; sourceTree = "<group>"; };
		CBD4F4F12A2DD326002D7A8D /* ContentView.swift */ = {isa = PBXFileReference; fileEncoding = 4; lastKnownFileType = sourcecode.swift; path = ContentView.swift; sourceTree = "<group>"; };
		CBD4F4F32A2DD326002D7A8D /* Player+Reducer.swift */ = {isa = PBXFileReference; fileEncoding = 4; lastKnownFileType = sourcecode.swift; path = "Player+Reducer.swift"; sourceTree = "<group>"; };
		CBD4F4F42A2DD326002D7A8D /* PlayerView.swift */ = {isa = PBXFileReference; fileEncoding = 4; lastKnownFileType = sourcecode.swift; path = PlayerView.swift; sourceTree = "<group>"; };
		CBD4F4F52A2DD326002D7A8D /* Info.plist */ = {isa = PBXFileReference; fileEncoding = 4; lastKnownFileType = text.plist.xml; path = Info.plist; sourceTree = "<group>"; };
		CBD4F4F62A2DD326002D7A8D /* MySampleUIApp.swift */ = {isa = PBXFileReference; fileEncoding = 4; lastKnownFileType = sourcecode.swift; path = MySampleUIApp.swift; sourceTree = "<group>"; };
/* End PBXFileReference section */

/* Begin PBXFrameworksBuildPhase section */
		CB068FFC29F53C3500E7B098 /* Frameworks */ = {
			isa = PBXFrameworksBuildPhase;
			buildActionMask = 2147483647;
			files = (
				CB06902E29F53D5100E7B098 /* ComposableArchitecture in Frameworks */,
				CB06904C29F556D500E7B098 /* Alamofire in Frameworks */,
				CB7F76942A2C5942004B8AB4 /* Networking in Frameworks */,
				CB7F76922A2C5942004B8AB4 /* Common in Frameworks */,
			);
			runOnlyForDeploymentPostprocessing = 0;
		};
/* End PBXFrameworksBuildPhase section */

/* Begin PBXGroup section */
		CB068FF629F53C3500E7B098 = {
			isa = PBXGroup;
			children = (
				CBA1E21C29F5A314002F2D07 /* Packages */,
				CBD4F4D52A2DD326002D7A8D /* SwiftUITemplate */,
				CB06900029F53C3500E7B098 /* Products */,
				CBA1E21829F59D3D002F2D07 /* Frameworks */,
			);
			sourceTree = "<group>";
		};
		CB06900029F53C3500E7B098 /* Products */ = {
			isa = PBXGroup;
			children = (
				CB068FFF29F53C3500E7B098 /* [DEV] POC.app */,
			);
			name = Products;
			sourceTree = "<group>";
		};
		CBA1E21829F59D3D002F2D07 /* Frameworks */ = {
			isa = PBXGroup;
			children = (
			);
			name = Frameworks;
			sourceTree = "<group>";
		};
		CBA1E21C29F5A314002F2D07 /* Packages */ = {
			isa = PBXGroup;
			children = (
				CBA1E21D29F5A314002F2D07 /* Common */,
				CBBB74CE29F653930061B731 /* Networking */,
			);
			name = Packages;
			sourceTree = "<group>";
		};
		CBD4F4D52A2DD326002D7A8D /* SwiftUITemplate */ = {
			isa = PBXGroup;
			children = (
				CBD4F4D62A2DD326002D7A8D /* Environments */,
				CBD4F4DD2A2DD326002D7A8D /* Networking */,
				CBD4F4E22A2DD326002D7A8D /* Assets.xcassets */,
				CBD4F4E32A2DD326002D7A8D /* Preview Content */,
				CBD4F4E52A2DD326002D7A8D /* Scences */,
				CBD4F4F52A2DD326002D7A8D /* Info.plist */,
				CBD4F4F62A2DD326002D7A8D /* MySampleUIApp.swift */,
			);
			path = SwiftUITemplate;
			sourceTree = "<group>";
		};
		CBD4F4D62A2DD326002D7A8D /* Environments */ = {
			isa = PBXGroup;
			children = (
				CBD4F4D72A2DD326002D7A8D /* Developement */,
				CBD4F4D92A2DD326002D7A8D /* QA */,
				CBD4F4DB2A2DD326002D7A8D /* Production */,
			);
			path = Environments;
			sourceTree = "<group>";
		};
		CBD4F4D72A2DD326002D7A8D /* Developement */ = {
			isa = PBXGroup;
			children = (
				CBD4F4D82A2DD326002D7A8D /* Development.xcconfig */,
			);
			path = Developement;
			sourceTree = "<group>";
		};
		CBD4F4D92A2DD326002D7A8D /* QA */ = {
			isa = PBXGroup;
			children = (
				CBD4F4DA2A2DD326002D7A8D /* QA.xcconfig */,
			);
			path = QA;
			sourceTree = "<group>";
		};
		CBD4F4DB2A2DD326002D7A8D /* Production */ = {
			isa = PBXGroup;
			children = (
				CBD4F4DC2A2DD326002D7A8D /* Production.xcconfig */,
			);
			path = Production;
			sourceTree = "<group>";
		};
		CBD4F4DD2A2DD326002D7A8D /* Networking */ = {
			isa = PBXGroup;
			children = (
				CBD4F4DE2A2DD326002D7A8D /* Configuration */,
				CBD4F4E12A2DD326002D7A8D /* MobileBFFAPIService.swift */,
			);
			path = Networking;
			sourceTree = "<group>";
		};
		CBD4F4DE2A2DD326002D7A8D /* Configuration */ = {
			isa = PBXGroup;
			children = (
				CBD4F4DF2A2DD326002D7A8D /* ConfigurationProvider.swift */,
				CBD4F4E02A2DD326002D7A8D /* Configuration.swift */,
			);
			path = Configuration;
			sourceTree = "<group>";
		};
		CBD4F4E32A2DD326002D7A8D /* Preview Content */ = {
			isa = PBXGroup;
			children = (
				CBD4F4E42A2DD326002D7A8D /* Preview Assets.xcassets */,
			);
			path = "Preview Content";
			sourceTree = "<group>";
		};
		CBD4F4E52A2DD326002D7A8D /* Scences */ = {
			isa = PBXGroup;
			children = (
				CBD4F4E62A2DD326002D7A8D /* Home */,
				CBD4F4EB2A2DD326002D7A8D /* TabBar */,
				CBD4F4EE2A2DD326002D7A8D /* Album */,
				CBD4F4F12A2DD326002D7A8D /* ContentView.swift */,
				CBD4F4F22A2DD326002D7A8D /* Player */,
			);
			path = Scences;
			sourceTree = "<group>";
		};
		CBD4F4E62A2DD326002D7A8D /* Home */ = {
			isa = PBXGroup;
			children = (
				CBD4F4E72A2DD326002D7A8D /* HomeView.swift */,
				CBD4F4E82A2DD326002D7A8D /* Home+Reducer.swift */,
				CBD4F4E92A2DD326002D7A8D /* View */,
			);
			path = Home;
			sourceTree = "<group>";
		};
		CBD4F4E92A2DD326002D7A8D /* View */ = {
			isa = PBXGroup;
			children = (
				CBD4F4EA2A2DD326002D7A8D /* BannerView.swift */,
			);
			path = View;
			sourceTree = "<group>";
		};
		CBD4F4EB2A2DD326002D7A8D /* TabBar */ = {
			isa = PBXGroup;
			children = (
				CBD4F4EC2A2DD326002D7A8D /* TabBar+Reducer.swift */,
				CBD4F4ED2A2DD326002D7A8D /* TabBarView.swift */,
			);
			path = TabBar;
			sourceTree = "<group>";
		};
		CBD4F4EE2A2DD326002D7A8D /* Album */ = {
			isa = PBXGroup;
			children = (
				CBD4F4EF2A2DD326002D7A8D /* Album+Reducer.swift */,
				CBD4F4F02A2DD326002D7A8D /* AlbumView.swift */,
			);
			path = Album;
			sourceTree = "<group>";
		};
		CBD4F4F22A2DD326002D7A8D /* Player */ = {
			isa = PBXGroup;
			children = (
				CBD4F4F32A2DD326002D7A8D /* Player+Reducer.swift */,
				CBD4F4F42A2DD326002D7A8D /* PlayerView.swift */,
			);
			path = Player;
			sourceTree = "<group>";
		};
/* End PBXGroup section */

/* Begin PBXNativeTarget section */
		CB068FFE29F53C3500E7B098 /* SwiftUITemplate */ = {
			isa = PBXNativeTarget;
			buildConfigurationList = CB06902329F53C3600E7B098 /* Build configuration list for PBXNativeTarget "SwiftUITemplate" */;
			buildPhases = (
				CB068FFB29F53C3500E7B098 /* Sources */,
				CB068FFC29F53C3500E7B098 /* Frameworks */,
				CB068FFD29F53C3500E7B098 /* Resources */,
				CBA1E21E29F5A560002F2D07 /* Swiftlint */,
			);
			buildRules = (
			);
			dependencies = (
			);
			name = SwiftUITemplate;
			packageProductDependencies = (
				CB06902D29F53D5100E7B098 /* ComposableArchitecture */,
				CB06904B29F556D500E7B098 /* Alamofire */,
				CB7F76912A2C5942004B8AB4 /* Common */,
				CB7F76932A2C5942004B8AB4 /* Networking */,
			);
			productName = MySampleUI;
			productReference = CB068FFF29F53C3500E7B098 /* [DEV] POC.app */;
			productType = "com.apple.product-type.application";
		};
/* End PBXNativeTarget section */

/* Begin PBXProject section */
		CB068FF729F53C3500E7B098 /* Project object */ = {
			isa = PBXProject;
			attributes = {
				BuildIndependentTargetsInParallel = 1;
				LastSwiftUpdateCheck = 1430;
				LastUpgradeCheck = 1430;
				TargetAttributes = {
					CB068FFE29F53C3500E7B098 = {
						CreatedOnToolsVersion = 14.3;
					};
				};
			};
			buildConfigurationList = CB068FFA29F53C3500E7B098 /* Build configuration list for PBXProject "SwiftUITemplate" */;
			compatibilityVersion = "Xcode 14.0";
			developmentRegion = en;
			hasScannedForEncodings = 0;
			knownRegions = (
				en,
				Base,
			);
			mainGroup = CB068FF629F53C3500E7B098;
			packageReferences = (
				CB06902C29F53D5100E7B098 /* XCRemoteSwiftPackageReference "swift-composable-architecture" */,
				CB06904A29F556D500E7B098 /* XCRemoteSwiftPackageReference "Alamofire" */,
			);
			productRefGroup = CB06900029F53C3500E7B098 /* Products */;
			projectDirPath = "";
			projectRoot = "";
			targets = (
				CB068FFE29F53C3500E7B098 /* SwiftUITemplate */,
			);
		};
/* End PBXProject section */

/* Begin PBXResourcesBuildPhase section */
		CB068FFD29F53C3500E7B098 /* Resources */ = {
			isa = PBXResourcesBuildPhase;
			buildActionMask = 2147483647;
			files = (
				CBD4F4F82A2DD326002D7A8D /* QA.xcconfig in Resources */,
				CBD4F4F72A2DD326002D7A8D /* Development.xcconfig in Resources */,
				CBD4F4FE2A2DD326002D7A8D /* Preview Assets.xcassets in Resources */,
				CBD4F4FD2A2DD326002D7A8D /* Assets.xcassets in Resources */,
				CBD4F4F92A2DD326002D7A8D /* Production.xcconfig in Resources */,
			);
			runOnlyForDeploymentPostprocessing = 0;
		};
/* End PBXResourcesBuildPhase section */

/* Begin PBXShellScriptBuildPhase section */
		CBA1E21E29F5A560002F2D07 /* Swiftlint */ = {
			isa = PBXShellScriptBuildPhase;
			alwaysOutOfDate = 1;
			buildActionMask = 2147483647;
			files = (
			);
			inputFileListPaths = (
			);
			inputPaths = (
			);
			name = Swiftlint;
			outputFileListPaths = (
			);
			outputPaths = (
			);
			runOnlyForDeploymentPostprocessing = 0;
			shellPath = /bin/sh;
			shellScript = "# Type a script or drag a script file from your workspace to insert its path.\nif which swiftlint >/dev/null; then\n  swiftlint\nelse\n  echo \"warning: SwiftLint not installed, download from https://github.com/realm/SwiftLint\"\nfi\n";
		};
/* End PBXShellScriptBuildPhase section */

/* Begin PBXSourcesBuildPhase section */
		CB068FFB29F53C3500E7B098 /* Sources */ = {
			isa = PBXSourcesBuildPhase;
			buildActionMask = 2147483647;
			files = (
				CBD4F4FB2A2DD326002D7A8D /* Configuration.swift in Sources */,
				CBD4F5072A2DD326002D7A8D /* Player+Reducer.swift in Sources */,
				CBD4F5062A2DD326002D7A8D /* ContentView.swift in Sources */,
				CBD4F4FF2A2DD326002D7A8D /* HomeView.swift in Sources */,
				CBD4F5032A2DD326002D7A8D /* TabBarView.swift in Sources */,
				CBD4F5012A2DD326002D7A8D /* BannerView.swift in Sources */,
				CBD4F4FA2A2DD326002D7A8D /* ConfigurationProvider.swift in Sources */,
				CBD4F5082A2DD326002D7A8D /* PlayerView.swift in Sources */,
				CBD4F5022A2DD326002D7A8D /* TabBar+Reducer.swift in Sources */,
				CBD4F4FC2A2DD326002D7A8D /* MobileBFFAPIService.swift in Sources */,
				CBD4F5042A2DD326002D7A8D /* Album+Reducer.swift in Sources */,
				CBD4F50A2A2DD326002D7A8D /* MySampleUIApp.swift in Sources */,
				CBD4F5052A2DD326002D7A8D /* AlbumView.swift in Sources */,
				CBD4F5002A2DD326002D7A8D /* Home+Reducer.swift in Sources */,
			);
			runOnlyForDeploymentPostprocessing = 0;
		};
/* End PBXSourcesBuildPhase section */

/* Begin XCBuildConfiguration section */
		CB06902129F53C3600E7B098 /* Development */ = {
			isa = XCBuildConfiguration;
			baseConfigurationReference = CBD4F4D82A2DD326002D7A8D /* Development.xcconfig */;
			buildSettings = {
				ALWAYS_SEARCH_USER_PATHS = NO;
				CLANG_ANALYZER_NONNULL = YES;
				CLANG_ANALYZER_NUMBER_OBJECT_CONVERSION = YES_AGGRESSIVE;
				CLANG_CXX_LANGUAGE_STANDARD = "gnu++20";
				CLANG_ENABLE_MODULES = YES;
				CLANG_ENABLE_OBJC_ARC = YES;
				CLANG_ENABLE_OBJC_WEAK = YES;
				CLANG_WARN_BLOCK_CAPTURE_AUTORELEASING = YES;
				CLANG_WARN_BOOL_CONVERSION = YES;
				CLANG_WARN_COMMA = YES;
				CLANG_WARN_CONSTANT_CONVERSION = YES;
				CLANG_WARN_DEPRECATED_OBJC_IMPLEMENTATIONS = YES;
				CLANG_WARN_DIRECT_OBJC_ISA_USAGE = YES_ERROR;
				CLANG_WARN_DOCUMENTATION_COMMENTS = YES;
				CLANG_WARN_EMPTY_BODY = YES;
				CLANG_WARN_ENUM_CONVERSION = YES;
				CLANG_WARN_INFINITE_RECURSION = YES;
				CLANG_WARN_INT_CONVERSION = YES;
				CLANG_WARN_NON_LITERAL_NULL_CONVERSION = YES;
				CLANG_WARN_OBJC_IMPLICIT_RETAIN_SELF = YES;
				CLANG_WARN_OBJC_LITERAL_CONVERSION = YES;
				CLANG_WARN_OBJC_ROOT_CLASS = YES_ERROR;
				CLANG_WARN_QUOTED_INCLUDE_IN_FRAMEWORK_HEADER = YES;
				CLANG_WARN_RANGE_LOOP_ANALYSIS = YES;
				CLANG_WARN_STRICT_PROTOTYPES = YES;
				CLANG_WARN_SUSPICIOUS_MOVE = YES;
				CLANG_WARN_UNGUARDED_AVAILABILITY = YES_AGGRESSIVE;
				CLANG_WARN_UNREACHABLE_CODE = YES;
				CLANG_WARN__DUPLICATE_METHOD_MATCH = YES;
				COPY_PHASE_STRIP = NO;
				DEBUG_INFORMATION_FORMAT = dwarf;
				ENABLE_STRICT_OBJC_MSGSEND = YES;
				ENABLE_TESTABILITY = YES;
				GCC_C_LANGUAGE_STANDARD = gnu11;
				GCC_DYNAMIC_NO_PIC = NO;
				GCC_NO_COMMON_BLOCKS = YES;
				GCC_OPTIMIZATION_LEVEL = 0;
				GCC_PREPROCESSOR_DEFINITIONS = (
					"DEBUG=1",
					"$(inherited)",
				);
				GCC_WARN_64_TO_32_BIT_CONVERSION = YES;
				GCC_WARN_ABOUT_RETURN_TYPE = YES_ERROR;
				GCC_WARN_UNDECLARED_SELECTOR = YES;
				GCC_WARN_UNINITIALIZED_AUTOS = YES_AGGRESSIVE;
				GCC_WARN_UNUSED_FUNCTION = YES;
				GCC_WARN_UNUSED_VARIABLE = YES;
				IPHONEOS_DEPLOYMENT_TARGET = 16.4;
				MTL_ENABLE_DEBUG_INFO = INCLUDE_SOURCE;
				MTL_FAST_MATH = YES;
				ONLY_ACTIVE_ARCH = YES;
				SDKROOT = iphoneos;
				SWIFT_ACTIVE_COMPILATION_CONDITIONS = DEBUG;
				SWIFT_OPTIMIZATION_LEVEL = "-Onone";
			};
			name = Development;
		};
		CB06902229F53C3600E7B098 /* Production */ = {
			isa = XCBuildConfiguration;
			baseConfigurationReference = CBD4F4DC2A2DD326002D7A8D /* Production.xcconfig */;
			buildSettings = {
				ALWAYS_SEARCH_USER_PATHS = NO;
				CLANG_ANALYZER_NONNULL = YES;
				CLANG_ANALYZER_NUMBER_OBJECT_CONVERSION = YES_AGGRESSIVE;
				CLANG_CXX_LANGUAGE_STANDARD = "gnu++20";
				CLANG_ENABLE_MODULES = YES;
				CLANG_ENABLE_OBJC_ARC = YES;
				CLANG_ENABLE_OBJC_WEAK = YES;
				CLANG_WARN_BLOCK_CAPTURE_AUTORELEASING = YES;
				CLANG_WARN_BOOL_CONVERSION = YES;
				CLANG_WARN_COMMA = YES;
				CLANG_WARN_CONSTANT_CONVERSION = YES;
				CLANG_WARN_DEPRECATED_OBJC_IMPLEMENTATIONS = YES;
				CLANG_WARN_DIRECT_OBJC_ISA_USAGE = YES_ERROR;
				CLANG_WARN_DOCUMENTATION_COMMENTS = YES;
				CLANG_WARN_EMPTY_BODY = YES;
				CLANG_WARN_ENUM_CONVERSION = YES;
				CLANG_WARN_INFINITE_RECURSION = YES;
				CLANG_WARN_INT_CONVERSION = YES;
				CLANG_WARN_NON_LITERAL_NULL_CONVERSION = YES;
				CLANG_WARN_OBJC_IMPLICIT_RETAIN_SELF = YES;
				CLANG_WARN_OBJC_LITERAL_CONVERSION = YES;
				CLANG_WARN_OBJC_ROOT_CLASS = YES_ERROR;
				CLANG_WARN_QUOTED_INCLUDE_IN_FRAMEWORK_HEADER = YES;
				CLANG_WARN_RANGE_LOOP_ANALYSIS = YES;
				CLANG_WARN_STRICT_PROTOTYPES = YES;
				CLANG_WARN_SUSPICIOUS_MOVE = YES;
				CLANG_WARN_UNGUARDED_AVAILABILITY = YES_AGGRESSIVE;
				CLANG_WARN_UNREACHABLE_CODE = YES;
				CLANG_WARN__DUPLICATE_METHOD_MATCH = YES;
				COPY_PHASE_STRIP = NO;
				DEBUG_INFORMATION_FORMAT = "dwarf-with-dsym";
				ENABLE_NS_ASSERTIONS = NO;
				ENABLE_STRICT_OBJC_MSGSEND = YES;
				GCC_C_LANGUAGE_STANDARD = gnu11;
				GCC_NO_COMMON_BLOCKS = YES;
				GCC_WARN_64_TO_32_BIT_CONVERSION = YES;
				GCC_WARN_ABOUT_RETURN_TYPE = YES_ERROR;
				GCC_WARN_UNDECLARED_SELECTOR = YES;
				GCC_WARN_UNINITIALIZED_AUTOS = YES_AGGRESSIVE;
				GCC_WARN_UNUSED_FUNCTION = YES;
				GCC_WARN_UNUSED_VARIABLE = YES;
				IPHONEOS_DEPLOYMENT_TARGET = 16.4;
				MTL_ENABLE_DEBUG_INFO = NO;
				MTL_FAST_MATH = YES;
				SDKROOT = iphoneos;
				SWIFT_COMPILATION_MODE = wholemodule;
				SWIFT_OPTIMIZATION_LEVEL = "-O";
				VALIDATE_PRODUCT = YES;
			};
			name = Production;
		};
		CB06902429F53C3600E7B098 /* Development */ = {
			isa = XCBuildConfiguration;
			baseConfigurationReference = CBD4F4D82A2DD326002D7A8D /* Development.xcconfig */;
			buildSettings = {
				ASSETCATALOG_COMPILER_APPICON_NAME = "$(IOS_APP_ICON)";
				ASSETCATALOG_COMPILER_GLOBAL_ACCENT_COLOR_NAME = AccentColor;
				CODE_SIGN_STYLE = Manual;
				CURRENT_PROJECT_VERSION = "$(CURRENT_PROJECT_VERSION)";
				DEVELOPMENT_ASSET_PATHS = "\"$(PROJECT_NAME)/Preview Content\"";
				DEVELOPMENT_TEAM = "";
				ENABLE_PREVIEWS = YES;
				GENERATE_INFOPLIST_FILE = NO;
				INFOPLIST_FILE = "$(PROJECT_NAME)/Info.plist";
				INFOPLIST_KEY_UIApplicationSceneManifest_Generation = YES;
				INFOPLIST_KEY_UIApplicationSupportsIndirectInputEvents = YES;
				INFOPLIST_KEY_UILaunchScreen_Generation = YES;
				INFOPLIST_KEY_UISupportedInterfaceOrientations_iPad = "UIInterfaceOrientationPortrait UIInterfaceOrientationPortraitUpsideDown UIInterfaceOrientationLandscapeLeft UIInterfaceOrientationLandscapeRight";
				INFOPLIST_KEY_UISupportedInterfaceOrientations_iPhone = "UIInterfaceOrientationPortrait UIInterfaceOrientationLandscapeLeft UIInterfaceOrientationLandscapeRight";
				LD_RUNPATH_SEARCH_PATHS = (
					"$(inherited)",
					"@executable_path/Frameworks",
				);
				MARKETING_VERSION = "$(MARKETING_VERSION)";
				MOBILE_BFF_API_KEY = "$(MOBILE_BFF_API_KEY)";
				PRODUCT_BUNDLE_IDENTIFIER = "$(IOS_BUNDLE_ID)";
				PRODUCT_NAME = "$(IOS_APP_NAME)";
				PROVISIONING_PROFILE_SPECIFIER = "";
				SWIFT_EMIT_LOC_STRINGS = YES;
				SWIFT_VERSION = 5.0;
				TARGETED_DEVICE_FAMILY = "1,2";
			};
			name = Development;
		};
		CB06902529F53C3600E7B098 /* Production */ = {
			isa = XCBuildConfiguration;
			baseConfigurationReference = CBD4F4DC2A2DD326002D7A8D /* Production.xcconfig */;
			buildSettings = {
				ASSETCATALOG_COMPILER_APPICON_NAME = "$(IOS_APP_ICON)";
				ASSETCATALOG_COMPILER_GLOBAL_ACCENT_COLOR_NAME = AccentColor;
				CODE_SIGN_STYLE = Manual;
				CURRENT_PROJECT_VERSION = "$(CURRENT_PROJECT_VERSION)";
				DEVELOPMENT_ASSET_PATHS = "\"$(PROJECT_NAME)/Preview Content\"";
				DEVELOPMENT_TEAM = "";
				ENABLE_PREVIEWS = YES;
				GENERATE_INFOPLIST_FILE = NO;
				INFOPLIST_FILE = "$(PROJECT_NAME)/Info.plist";
				INFOPLIST_KEY_UIApplicationSceneManifest_Generation = YES;
				INFOPLIST_KEY_UIApplicationSupportsIndirectInputEvents = YES;
				INFOPLIST_KEY_UILaunchScreen_Generation = YES;
				INFOPLIST_KEY_UISupportedInterfaceOrientations_iPad = "UIInterfaceOrientationPortrait UIInterfaceOrientationPortraitUpsideDown UIInterfaceOrientationLandscapeLeft UIInterfaceOrientationLandscapeRight";
				INFOPLIST_KEY_UISupportedInterfaceOrientations_iPhone = "UIInterfaceOrientationPortrait UIInterfaceOrientationLandscapeLeft UIInterfaceOrientationLandscapeRight";
				LD_RUNPATH_SEARCH_PATHS = (
					"$(inherited)",
					"@executable_path/Frameworks",
				);
				MARKETING_VERSION = "$(MARKETING_VERSION)";
				MOBILE_BFF_API_KEY = "$(MOBILE_BFF_API_KEY)";
				PRODUCT_BUNDLE_IDENTIFIER = "$(IOS_BUNDLE_ID)";
				PRODUCT_NAME = "$(IOS_APP_NAME)";
				PROVISIONING_PROFILE_SPECIFIER = "";
				SWIFT_EMIT_LOC_STRINGS = YES;
				SWIFT_VERSION = 5.0;
				TARGETED_DEVICE_FAMILY = "1,2";
			};
			name = Production;
		};
		CB06905529F57A6900E7B098 /* QA */ = {
			isa = XCBuildConfiguration;
			baseConfigurationReference = CBD4F4DA2A2DD326002D7A8D /* QA.xcconfig */;
			buildSettings = {
				ALWAYS_SEARCH_USER_PATHS = NO;
				CLANG_ANALYZER_NONNULL = YES;
				CLANG_ANALYZER_NUMBER_OBJECT_CONVERSION = YES_AGGRESSIVE;
				CLANG_CXX_LANGUAGE_STANDARD = "gnu++20";
				CLANG_ENABLE_MODULES = YES;
				CLANG_ENABLE_OBJC_ARC = YES;
				CLANG_ENABLE_OBJC_WEAK = YES;
				CLANG_WARN_BLOCK_CAPTURE_AUTORELEASING = YES;
				CLANG_WARN_BOOL_CONVERSION = YES;
				CLANG_WARN_COMMA = YES;
				CLANG_WARN_CONSTANT_CONVERSION = YES;
				CLANG_WARN_DEPRECATED_OBJC_IMPLEMENTATIONS = YES;
				CLANG_WARN_DIRECT_OBJC_ISA_USAGE = YES_ERROR;
				CLANG_WARN_DOCUMENTATION_COMMENTS = YES;
				CLANG_WARN_EMPTY_BODY = YES;
				CLANG_WARN_ENUM_CONVERSION = YES;
				CLANG_WARN_INFINITE_RECURSION = YES;
				CLANG_WARN_INT_CONVERSION = YES;
				CLANG_WARN_NON_LITERAL_NULL_CONVERSION = YES;
				CLANG_WARN_OBJC_IMPLICIT_RETAIN_SELF = YES;
				CLANG_WARN_OBJC_LITERAL_CONVERSION = YES;
				CLANG_WARN_OBJC_ROOT_CLASS = YES_ERROR;
				CLANG_WARN_QUOTED_INCLUDE_IN_FRAMEWORK_HEADER = YES;
				CLANG_WARN_RANGE_LOOP_ANALYSIS = YES;
				CLANG_WARN_STRICT_PROTOTYPES = YES;
				CLANG_WARN_SUSPICIOUS_MOVE = YES;
				CLANG_WARN_UNGUARDED_AVAILABILITY = YES_AGGRESSIVE;
				CLANG_WARN_UNREACHABLE_CODE = YES;
				CLANG_WARN__DUPLICATE_METHOD_MATCH = YES;
				COPY_PHASE_STRIP = NO;
				DEBUG_INFORMATION_FORMAT = "dwarf-with-dsym";
				ENABLE_NS_ASSERTIONS = NO;
				ENABLE_STRICT_OBJC_MSGSEND = YES;
				GCC_C_LANGUAGE_STANDARD = gnu11;
				GCC_NO_COMMON_BLOCKS = YES;
				GCC_WARN_64_TO_32_BIT_CONVERSION = YES;
				GCC_WARN_ABOUT_RETURN_TYPE = YES_ERROR;
				GCC_WARN_UNDECLARED_SELECTOR = YES;
				GCC_WARN_UNINITIALIZED_AUTOS = YES_AGGRESSIVE;
				GCC_WARN_UNUSED_FUNCTION = YES;
				GCC_WARN_UNUSED_VARIABLE = YES;
				IPHONEOS_DEPLOYMENT_TARGET = 16.4;
				MTL_ENABLE_DEBUG_INFO = NO;
				MTL_FAST_MATH = YES;
				SDKROOT = iphoneos;
				SWIFT_COMPILATION_MODE = wholemodule;
				SWIFT_OPTIMIZATION_LEVEL = "-O";
				VALIDATE_PRODUCT = YES;
			};
			name = QA;
		};
		CB06905629F57A6900E7B098 /* QA */ = {
			isa = XCBuildConfiguration;
			baseConfigurationReference = CBD4F4DA2A2DD326002D7A8D /* QA.xcconfig */;
			buildSettings = {
				ASSETCATALOG_COMPILER_APPICON_NAME = "$(IOS_APP_ICON)";
				ASSETCATALOG_COMPILER_GLOBAL_ACCENT_COLOR_NAME = AccentColor;
				CODE_SIGN_STYLE = Manual;
				CURRENT_PROJECT_VERSION = "$(CURRENT_PROJECT_VERSION)";
				DEVELOPMENT_ASSET_PATHS = "\"$(PROJECT_NAME)/Preview Content\"";
				DEVELOPMENT_TEAM = "";
				ENABLE_PREVIEWS = YES;
				GENERATE_INFOPLIST_FILE = NO;
				INFOPLIST_FILE = "$(PROJECT_NAME)/Info.plist";
				INFOPLIST_KEY_UIApplicationSceneManifest_Generation = YES;
				INFOPLIST_KEY_UIApplicationSupportsIndirectInputEvents = YES;
				INFOPLIST_KEY_UILaunchScreen_Generation = YES;
				INFOPLIST_KEY_UISupportedInterfaceOrientations_iPad = "UIInterfaceOrientationPortrait UIInterfaceOrientationPortraitUpsideDown UIInterfaceOrientationLandscapeLeft UIInterfaceOrientationLandscapeRight";
				INFOPLIST_KEY_UISupportedInterfaceOrientations_iPhone = "UIInterfaceOrientationPortrait UIInterfaceOrientationLandscapeLeft UIInterfaceOrientationLandscapeRight";
				LD_RUNPATH_SEARCH_PATHS = (
					"$(inherited)",
					"@executable_path/Frameworks",
				);
				MARKETING_VERSION = "$(MARKETING_VERSION)";
				MOBILE_BFF_API_KEY = "$(MOBILE_BFF_API_KEY)";
				PRODUCT_BUNDLE_IDENTIFIER = "$(IOS_BUNDLE_ID)";
				PRODUCT_NAME = "$(IOS_APP_NAME)";
				PROVISIONING_PROFILE_SPECIFIER = "";
				SWIFT_EMIT_LOC_STRINGS = YES;
				SWIFT_VERSION = 5.0;
				TARGETED_DEVICE_FAMILY = "1,2";
			};
			name = QA;
		};
/* End XCBuildConfiguration section */

/* Begin XCConfigurationList section */
		CB068FFA29F53C3500E7B098 /* Build configuration list for PBXProject "SwiftUITemplate" */ = {
			isa = XCConfigurationList;
			buildConfigurations = (
				CB06902129F53C3600E7B098 /* Development */,
				CB06902229F53C3600E7B098 /* Production */,
				CB06905529F57A6900E7B098 /* QA */,
			);
			defaultConfigurationIsVisible = 0;
			defaultConfigurationName = Production;
		};
		CB06902329F53C3600E7B098 /* Build configuration list for PBXNativeTarget "SwiftUITemplate" */ = {
			isa = XCConfigurationList;
			buildConfigurations = (
				CB06902429F53C3600E7B098 /* Development */,
				CB06902529F53C3600E7B098 /* Production */,
				CB06905629F57A6900E7B098 /* QA */,
			);
			defaultConfigurationIsVisible = 0;
			defaultConfigurationName = Production;
		};
/* End XCConfigurationList section */

/* Begin XCRemoteSwiftPackageReference section */
		CB06902C29F53D5100E7B098 /* XCRemoteSwiftPackageReference "swift-composable-architecture" */ = {
			isa = XCRemoteSwiftPackageReference;
			repositoryURL = "https://github.com/pointfreeco/swift-composable-architecture.git";
			requirement = {
				kind = upToNextMajorVersion;
				minimumVersion = 0.52.0;
			};
		};
		CB06904A29F556D500E7B098 /* XCRemoteSwiftPackageReference "Alamofire" */ = {
			isa = XCRemoteSwiftPackageReference;
			repositoryURL = "https://github.com/Alamofire/Alamofire.git";
			requirement = {
				kind = upToNextMajorVersion;
				minimumVersion = 5.0.0;
			};
		};
/* End XCRemoteSwiftPackageReference section */

/* Begin XCSwiftPackageProductDependency section */
		CB06902D29F53D5100E7B098 /* ComposableArchitecture */ = {
			isa = XCSwiftPackageProductDependency;
			package = CB06902C29F53D5100E7B098 /* XCRemoteSwiftPackageReference "swift-composable-architecture" */;
			productName = ComposableArchitecture;
		};
		CB06904B29F556D500E7B098 /* Alamofire */ = {
			isa = XCSwiftPackageProductDependency;
			package = CB06904A29F556D500E7B098 /* XCRemoteSwiftPackageReference "Alamofire" */;
			productName = Alamofire;
		};
		CB7F76912A2C5942004B8AB4 /* Common */ = {
			isa = XCSwiftPackageProductDependency;
			productName = Common;
		};
		CB7F76932A2C5942004B8AB4 /* Networking */ = {
			isa = XCSwiftPackageProductDependency;
			productName = Networking;
		};
/* End XCSwiftPackageProductDependency section */
	};
	rootObject = CB068FF729F53C3500E7B098 /* Project object */;
}
